
Microsoft Visual Studio Solution File, Format Version 12.00
# Visual Studio Version 17
VisualStudioVersion = 17.3.32819.101
MinimumVisualStudioVersion = 10.0.40219.1
Project("{FAE04EC0-301F-11D3-BF4B-00C04F79EFBC}") = "Algorithm", "Algorithm.csproj", "{2955251A-F309-405B-B496-9CB6BA5A69C1}"
EndProject
Global
	GlobalSection(SolutionConfigurationPlatforms) = preSolution
		Debug|Any CPU = Debug|Any CPU
		Release|Any CPU = Release|Any CPU
	EndGlobalSection
	GlobalSection(ProjectConfigurationPlatforms) = postSolution
		{2955251A-F309-405B-B496-9CB6BA5A69C1}.Debug|Any CPU.ActiveCfg = Debug|Any CPU
		{2955251A-F309-405B-B496-9CB6BA5A69C1}.Debug|Any CPU.Build.0 = Debug|Any CPU
		{2955251A-F309-405B-B496-9CB6BA5A69C1}.Release|Any CPU.ActiveCfg = Release|Any CPU
		{2955251A-F309-405B-B496-9CB6BA5A69C1}.Release|Any CPU.Build.0 = Release|Any CPU
	EndGlobalSection
	GlobalSection(SolutionProperties) = preSolution
		HideSolutionNode = FALSE
	EndGlobalSection
	GlobalSection(ExtensibilityGlobals) = postSolution
		SolutionGuid = {B5A05402-D2AC-410B-B757-6BA4C2406488}
	EndGlobalSection
EndGlobal
